
Microsoft Visual Studio Solution File, Format Version 12.00
# Visual Studio 15
VisualStudioVersion = 15.0.27130.2026
MinimumVisualStudioVersion = 10.0.40219.1
Project("{FAE04EC0-301F-11D3-BF4B-00C04F79EFBC}") = "Custom Villager Creator", "Custom Villager Creator\Custom Villager Creator.csproj", "{3FCA9BC0-7E92-4CC9-B2B8-D23143F2AB27}"
EndProject
Global
	GlobalSection(SolutionConfigurationPlatforms) = preSolution
		Debug|Any CPU = Debug|Any CPU
		Release|Any CPU = Release|Any CPU
	EndGlobalSection
	GlobalSection(ProjectConfigurationPlatforms) = postSolution
		{3FCA9BC0-7E92-4CC9-B2B8-D23143F2AB27}.Debug|Any CPU.ActiveCfg = Debug|Any CPU
		{3FCA9BC0-7E92-4CC9-B2B8-D23143F2AB27}.Debug|Any CPU.Build.0 = Debug|Any CPU
		{3FCA9BC0-7E92-4CC9-B2B8-D23143F2AB27}.Release|Any CPU.ActiveCfg = Release|Any CPU
		{3FCA9BC0-7E92-4CC9-B2B8-D23143F2AB27}.Release|Any CPU.Build.0 = Release|Any CPU
	EndGlobalSection
	GlobalSection(SolutionProperties) = preSolution
		HideSolutionNode = FALSE
	EndGlobalSection
	GlobalSection(ExtensibilityGlobals) = postSolution
		SolutionGuid = {DF50A8E7-2BD7-4945-8729-C10CC06230B8}
	EndGlobalSection
EndGlobal
